
Microsoft Visual Studio Solution File, Format Version 12.00
# Visual Studio Version 17
VisualStudioVersion = 17.2.32519.379
MinimumVisualStudioVersion = 10.0.40219.1
Project("{9A19103F-16F7-4668-BE54-9A1E7A4F7556}") = "Sprachfeatures", "Sprachfeatures\Sprachfeatures.csproj", "{5B714FB0-751D-4D43-97A0-6BFA6F3C26B9}"
EndProject
Project("{9A19103F-16F7-4668-BE54-9A1E7A4F7556}") = "TopLevelStatements", "TopLevelStatements\TopLevelStatements.csproj", "{40EA7702-A4D4-4CB5-9B81-FD9895780494}"
EndProject
Project("{9A19103F-16F7-4668-BE54-9A1E7A4F7556}") = "DelegatesEvents", "DelegatesEvents\DelegatesEvents.csproj", "{FAC7800C-E662-4BC6-851E-DB5CDE837B89}"
EndProject
Project("{9A19103F-16F7-4668-BE54-9A1E7A4F7556}") = "Generics", "Generics\Generics.csproj", "{4A8B6822-45B8-48E7-8A4E-01DAC07EA1AC}"
EndProject
Project("{9A19103F-16F7-4668-BE54-9A1E7A4F7556}") = "Serialisierung", "Serialisierung\Serialisierung.csproj", "{5AE56239-3F92-497C-B4F8-A54BE8357F0E}"
EndProject
Project("{9A19103F-16F7-4668-BE54-9A1E7A4F7556}") = "Multithreading", "Multithreading\Multithreading.csproj", "{1EA815EF-325E-468E-9CAD-933933FB8CD4}"
EndProject
Project("{9A19103F-16F7-4668-BE54-9A1E7A4F7556}") = "Multitasking", "Multitasking\Multitasking.csproj", "{3C344643-AAEC-4116-A7CA-01D0F2F92558}"
EndProject
Project("{9A19103F-16F7-4668-BE54-9A1E7A4F7556}") = "AsyncAwait", "AsyncAwait\AsyncAwait.csproj", "{8DFD4D4B-391F-4455-9B66-80D3AA1BE731}"
EndProject
Project("{9A19103F-16F7-4668-BE54-9A1E7A4F7556}") = "AsyncAwaitWPF", "AsyncAwaitWPF\AsyncAwaitWPF.csproj", "{319F1194-4154-41A7-8D27-DFCBB6557C56}"
EndProject
Project("{FAE04EC0-301F-11D3-BF4B-00C04F79EFBC}") = "Reflection", "Reflection\Reflection.csproj", "{CD545F69-236B-46CE-994D-CC6650EEEC32}"
EndProject
Project("{FAE04EC0-301F-11D3-BF4B-00C04F79EFBC}") = "PluginBase", "PluginBase\PluginBase.csproj", "{E105DA6B-7AD3-4C87-AE0F-1E578876A95C}"
EndProject
Project("{FAE04EC0-301F-11D3-BF4B-00C04F79EFBC}") = "Plugin", "Plugin\Plugin.csproj", "{C10C7603-8005-414F-87B9-6B277873EADC}"
EndProject
Project("{FAE04EC0-301F-11D3-BF4B-00C04F79EFBC}") = "PluginClient", "PluginClient\PluginClient.csproj", "{107F7F26-4DAC-4B65-B7CD-4AD4C350F493}"
EndProject
Global
	GlobalSection(SolutionConfigurationPlatforms) = preSolution
		Debug|Any CPU = Debug|Any CPU
		Release|Any CPU = Release|Any CPU
	EndGlobalSection
	GlobalSection(ProjectConfigurationPlatforms) = postSolution
		{5B714FB0-751D-4D43-97A0-6BFA6F3C26B9}.Debug|Any CPU.ActiveCfg = Debug|Any CPU
		{5B714FB0-751D-4D43-97A0-6BFA6F3C26B9}.Debug|Any CPU.Build.0 = Debug|Any CPU
		{5B714FB0-751D-4D43-97A0-6BFA6F3C26B9}.Release|Any CPU.ActiveCfg = Release|Any CPU
		{5B714FB0-751D-4D43-97A0-6BFA6F3C26B9}.Release|Any CPU.Build.0 = Release|Any CPU
		{40EA7702-A4D4-4CB5-9B81-FD9895780494}.Debug|Any CPU.ActiveCfg = Debug|Any CPU
		{40EA7702-A4D4-4CB5-9B81-FD9895780494}.Debug|Any CPU.Build.0 = Debug|Any CPU
		{40EA7702-A4D4-4CB5-9B81-FD9895780494}.Release|Any CPU.ActiveCfg = Release|Any CPU
		{40EA7702-A4D4-4CB5-9B81-FD9895780494}.Release|Any CPU.Build.0 = Release|Any CPU
		{FAC7800C-E662-4BC6-851E-DB5CDE837B89}.Debug|Any CPU.ActiveCfg = Debug|Any CPU
		{FAC7800C-E662-4BC6-851E-DB5CDE837B89}.Debug|Any CPU.Build.0 = Debug|Any CPU
		{FAC7800C-E662-4BC6-851E-DB5CDE837B89}.Release|Any CPU.ActiveCfg = Release|Any CPU
		{FAC7800C-E662-4BC6-851E-DB5CDE837B89}.Release|Any CPU.Build.0 = Release|Any CPU
		{4A8B6822-45B8-48E7-8A4E-01DAC07EA1AC}.Debug|Any CPU.ActiveCfg = Debug|Any CPU
		{4A8B6822-45B8-48E7-8A4E-01DAC07EA1AC}.Debug|Any CPU.Build.0 = Debug|Any CPU
		{4A8B6822-45B8-48E7-8A4E-01DAC07EA1AC}.Release|Any CPU.ActiveCfg = Release|Any CPU
		{4A8B6822-45B8-48E7-8A4E-01DAC07EA1AC}.Release|Any CPU.Build.0 = Release|Any CPU
		{5AE56239-3F92-497C-B4F8-A54BE8357F0E}.Debug|Any CPU.ActiveCfg = Debug|Any CPU
		{5AE56239-3F92-497C-B4F8-A54BE8357F0E}.Debug|Any CPU.Build.0 = Debug|Any CPU
		{5AE56239-3F92-497C-B4F8-A54BE8357F0E}.Release|Any CPU.ActiveCfg = Release|Any CPU
		{5AE56239-3F92-497C-B4F8-A54BE8357F0E}.Release|Any CPU.Build.0 = Release|Any CPU
		{1EA815EF-325E-468E-9CAD-933933FB8CD4}.Debug|Any CPU.ActiveCfg = Debug|Any CPU
		{1EA815EF-325E-468E-9CAD-933933FB8CD4}.Debug|Any CPU.Build.0 = Debug|Any CPU
		{1EA815EF-325E-468E-9CAD-933933FB8CD4}.Release|Any CPU.ActiveCfg = Release|Any CPU
		{1EA815EF-325E-468E-9CAD-933933FB8CD4}.Release|Any CPU.Build.0 = Release|Any CPU
		{3C344643-AAEC-4116-A7CA-01D0F2F92558}.Debug|Any CPU.ActiveCfg = Debug|Any CPU
		{3C344643-AAEC-4116-A7CA-01D0F2F92558}.Debug|Any CPU.Build.0 = Debug|Any CPU
		{3C344643-AAEC-4116-A7CA-01D0F2F92558}.Release|Any CPU.ActiveCfg = Release|Any CPU
		{3C344643-AAEC-4116-A7CA-01D0F2F92558}.Release|Any CPU.Build.0 = Release|Any CPU
		{8DFD4D4B-391F-4455-9B66-80D3AA1BE731}.Debug|Any CPU.ActiveCfg = Debug|Any CPU
		{8DFD4D4B-391F-4455-9B66-80D3AA1BE731}.Debug|Any CPU.Build.0 = Debug|Any CPU
		{8DFD4D4B-391F-4455-9B66-80D3AA1BE731}.Release|Any CPU.ActiveCfg = Release|Any CPU
		{8DFD4D4B-391F-4455-9B66-80D3AA1BE731}.Release|Any CPU.Build.0 = Release|Any CPU
		{319F1194-4154-41A7-8D27-DFCBB6557C56}.Debug|Any CPU.ActiveCfg = Debug|Any CPU
		{319F1194-4154-41A7-8D27-DFCBB6557C56}.Debug|Any CPU.Build.0 = Debug|Any CPU
		{319F1194-4154-41A7-8D27-DFCBB6557C56}.Release|Any CPU.ActiveCfg = Release|Any CPU
		{319F1194-4154-41A7-8D27-DFCBB6557C56}.Release|Any CPU.Build.0 = Release|Any CPU
		{CD545F69-236B-46CE-994D-CC6650EEEC32}.Debug|Any CPU.ActiveCfg = Debug|Any CPU
		{CD545F69-236B-46CE-994D-CC6650EEEC32}.Debug|Any CPU.Build.0 = Debug|Any CPU
		{CD545F69-236B-46CE-994D-CC6650EEEC32}.Release|Any CPU.ActiveCfg = Release|Any CPU
		{CD545F69-236B-46CE-994D-CC6650EEEC32}.Release|Any CPU.Build.0 = Release|Any CPU
		{E105DA6B-7AD3-4C87-AE0F-1E578876A95C}.Debug|Any CPU.ActiveCfg = Debug|Any CPU
		{E105DA6B-7AD3-4C87-AE0F-1E578876A95C}.Debug|Any CPU.Build.0 = Debug|Any CPU
		{E105DA6B-7AD3-4C87-AE0F-1E578876A95C}.Release|Any CPU.ActiveCfg = Release|Any CPU
		{E105DA6B-7AD3-4C87-AE0F-1E578876A95C}.Release|Any CPU.Build.0 = Release|Any CPU
		{C10C7603-8005-414F-87B9-6B277873EADC}.Debug|Any CPU.ActiveCfg = Debug|Any CPU
		{C10C7603-8005-414F-87B9-6B277873EADC}.Debug|Any CPU.Build.0 = Debug|Any CPU
		{C10C7603-8005-414F-87B9-6B277873EADC}.Release|Any CPU.ActiveCfg = Release|Any CPU
		{C10C7603-8005-414F-87B9-6B277873EADC}.Release|Any CPU.Build.0 = Release|Any CPU
		{107F7F26-4DAC-4B65-B7CD-4AD4C350F493}.Debug|Any CPU.ActiveCfg = Debug|Any CPU
		{107F7F26-4DAC-4B65-B7CD-4AD4C350F493}.Debug|Any CPU.Build.0 = Debug|Any CPU
		{107F7F26-4DAC-4B65-B7CD-4AD4C350F493}.Release|Any CPU.ActiveCfg = Release|Any CPU
		{107F7F26-4DAC-4B65-B7CD-4AD4C350F493}.Release|Any CPU.Build.0 = Release|Any CPU
	EndGlobalSection
	GlobalSection(SolutionProperties) = preSolution
		HideSolutionNode = FALSE
	EndGlobalSection
	GlobalSection(ExtensibilityGlobals) = postSolution
		SolutionGuid = {E941A677-5EA5-4E95-A3B7-DD98D24855CC}
	EndGlobalSection
EndGlobal
