
Microsoft Visual Studio Solution File, Format Version 12.00
# Visual Studio Version 17
VisualStudioVersion = 17.2.32519.379
MinimumVisualStudioVersion = 10.0.40219.1
Project("{9A19103F-16F7-4668-BE54-9A1E7A4F7556}") = "Sprachfeatures", "Sprachfeatures\Sprachfeatures.csproj", "{5B714FB0-751D-4D43-97A0-6BFA6F3C26B9}"
EndProject
Project("{FAE04EC0-301F-11D3-BF4B-00C04F79EFBC}") = "TopLevelStatements", "TopLevelStatements\TopLevelStatements.csproj", "{40EA7702-A4D4-4CB5-9B81-FD9895780494}"
EndProject
Project("{FAE04EC0-301F-11D3-BF4B-00C04F79EFBC}") = "DelegatesEvents", "DelegatesEvents\DelegatesEvents.csproj", "{FAC7800C-E662-4BC6-851E-DB5CDE837B89}"
EndProject
Global
	GlobalSection(SolutionConfigurationPlatforms) = preSolution
		Debug|Any CPU = Debug|Any CPU
		Release|Any CPU = Release|Any CPU
	EndGlobalSection
	GlobalSection(ProjectConfigurationPlatforms) = postSolution
		{5B714FB0-751D-4D43-97A0-6BFA6F3C26B9}.Debug|Any CPU.ActiveCfg = Debug|Any CPU
		{5B714FB0-751D-4D43-97A0-6BFA6F3C26B9}.Debug|Any CPU.Build.0 = Debug|Any CPU
		{5B714FB0-751D-4D43-97A0-6BFA6F3C26B9}.Release|Any CPU.ActiveCfg = Release|Any CPU
		{5B714FB0-751D-4D43-97A0-6BFA6F3C26B9}.Release|Any CPU.Build.0 = Release|Any CPU
		{40EA7702-A4D4-4CB5-9B81-FD9895780494}.Debug|Any CPU.ActiveCfg = Debug|Any CPU
		{40EA7702-A4D4-4CB5-9B81-FD9895780494}.Debug|Any CPU.Build.0 = Debug|Any CPU
		{40EA7702-A4D4-4CB5-9B81-FD9895780494}.Release|Any CPU.ActiveCfg = Release|Any CPU
		{40EA7702-A4D4-4CB5-9B81-FD9895780494}.Release|Any CPU.Build.0 = Release|Any CPU
		{FAC7800C-E662-4BC6-851E-DB5CDE837B89}.Debug|Any CPU.ActiveCfg = Debug|Any CPU
		{FAC7800C-E662-4BC6-851E-DB5CDE837B89}.Debug|Any CPU.Build.0 = Debug|Any CPU
		{FAC7800C-E662-4BC6-851E-DB5CDE837B89}.Release|Any CPU.ActiveCfg = Release|Any CPU
		{FAC7800C-E662-4BC6-851E-DB5CDE837B89}.Release|Any CPU.Build.0 = Release|Any CPU
	EndGlobalSection
	GlobalSection(SolutionProperties) = preSolution
		HideSolutionNode = FALSE
	EndGlobalSection
	GlobalSection(ExtensibilityGlobals) = postSolution
		SolutionGuid = {E941A677-5EA5-4E95-A3B7-DD98D24855CC}
	EndGlobalSection
EndGlobal
